
Microsoft Visual Studio Solution File, Format Version 12.00
# Visual Studio Version 17
VisualStudioVersion = 17.14.36414.22 d17.14
MinimumVisualStudioVersion = 10.0.40219.1
Project("{FAE04EC0-301F-11D3-BF4B-00C04F79EFBC}") = "CRUD_GROUP", "CRUD_GROUP\CRUD_GROUP.csproj", "{C4E649AF-6FB5-455C-8735-8565D79BFFA2}"
EndProject
Global
	GlobalSection(SolutionConfigurationPlatforms) = preSolution
		Debug|Any CPU = Debug|Any CPU
		Release|Any CPU = Release|Any CPU
	EndGlobalSection
	GlobalSection(ProjectConfigurationPlatforms) = postSolution
		{C4E649AF-6FB5-455C-8735-8565D79BFFA2}.Debug|Any CPU.ActiveCfg = Debug|Any CPU
		{C4E649AF-6FB5-455C-8735-8565D79BFFA2}.Debug|Any CPU.Build.0 = Debug|Any CPU
		{C4E649AF-6FB5-455C-8735-8565D79BFFA2}.Release|Any CPU.ActiveCfg = Release|Any CPU
		{C4E649AF-6FB5-455C-8735-8565D79BFFA2}.Release|Any CPU.Build.0 = Release|Any CPU
	EndGlobalSection
	GlobalSection(SolutionProperties) = preSolution
		HideSolutionNode = FALSE
	EndGlobalSection
	GlobalSection(ExtensibilityGlobals) = postSolution
		SolutionGuid = {857A5A6A-05E3-4E74-9B54-A5ED52AD3D22}
	EndGlobalSection
EndGlobal
